// !$*UTF8*$!
{
	archiveVersion = 1;
	classes = {
	};
	objectVersion = 50;
	objects = {

/* Begin PBXBuildFile section */
		3740D3572627F58B007452AB /* Color+Ext.swift in Sources */ = {isa = PBXBuildFile; fileRef = 3740D3562627F58B007452AB /* Color+Ext.swift */; };
		3740D35A2627F5A2007452AB /* SmoothRoundedCorners.swift in Sources */ = {isa = PBXBuildFile; fileRef = 3740D3592627F5A1007452AB /* SmoothRoundedCorners.swift */; };
		3765C7612611930E00E51D21 /* DropDownMenu_FinalApp.swift in Sources */ = {isa = PBXBuildFile; fileRef = 3765C7602611930E00E51D21 /* DropDownMenu_FinalApp.swift */; };
		3765C7632611930E00E51D21 /* ContentView.swift in Sources */ = {isa = PBXBuildFile; fileRef = 3765C7622611930E00E51D21 /* ContentView.swift */; };
		3765C7652611930E00E51D21 /* Assets.xcassets in Resources */ = {isa = PBXBuildFile; fileRef = 3765C7642611930E00E51D21 /* Assets.xcassets */; };
		3765C7682611930E00E51D21 /* Preview Assets.xcassets in Resources */ = {isa = PBXBuildFile; fileRef = 3765C7672611930E00E51D21 /* Preview Assets.xcassets */; };
/* End PBXBuildFile section */

/* Begin PBXFileReference section */
		3740D3562627F58B007452AB /* Color+Ext.swift */ = {isa = PBXFileReference; fileEncoding = 4; lastKnownFileType = sourcecode.swift; name = "Color+Ext.swift"; path = "../../../DropDownMenu-Starter/DropDownMenu-Starter/Helpers/Color+Ext.swift"; sourceTree = "<group>"; };
		3740D3592627F5A1007452AB /* SmoothRoundedCorners.swift */ = {isa = PBXFileReference; fileEncoding = 4; lastKnownFileType = sourcecode.swift; name = SmoothRoundedCorners.swift; path = "../../../DropDownMenu-Starter/DropDownMenu-Starter/Helpers/SmoothRoundedCorners.swift"; sourceTree = "<group>"; };
		3765C75D2611930E00E51D21 /* DropDownMenu-Final.app */ = {isa = PBXFileReference; explicitFileType = wrapper.application; includeInIndex = 0; path = "DropDownMenu-Final.app"; sourceTree = BUILT_PRODUCTS_DIR; };
		3765C7602611930E00E51D21 /* DropDownMenu_FinalApp.swift */ = {isa = PBXFileReference; lastKnownFileType = sourcecode.swift; path = DropDownMenu_FinalApp.swift; sourceTree = "<group>"; };
		3765C7622611930E00E51D21 /* ContentView.swift */ = {isa = PBXFileReference; lastKnownFileType = sourcecode.swift; path = ContentView.swift; sourceTree = "<group>"; };
		3765C7642611930E00E51D21 /* Assets.xcassets */ = {isa = PBXFileReference; lastKnownFileType = folder.assetcatalog; path = Assets.xcassets; sourceTree = "<group>"; };
		3765C7672611930E00E51D21 /* Preview Assets.xcassets */ = {isa = PBXFileReference; lastKnownFileType = folder.assetcatalog; path = "Preview Assets.xcassets"; sourceTree = "<group>"; };
		3765C7692611930E00E51D21 /* Info.plist */ = {isa = PBXFileReference; lastKnownFileType = text.plist.xml; path = Info.plist; sourceTree = "<group>"; };
/* End PBXFileReference section */

/* Begin PBXFrameworksBuildPhase section */
		3765C75A2611930E00E51D21 /* Frameworks */ = {
			isa = PBXFrameworksBuildPhase;
			buildActionMask = 2147483647;
			files = (
			);
			runOnlyForDeploymentPostprocessing = 0;
		};
/* End PBXFrameworksBuildPhase section */

/* Begin PBXGroup section */
		3740D3522627F515007452AB /* Screens */ = {
			isa = PBXGroup;
			children = (
				3765C7622611930E00E51D21 /* ContentView.swift */,
			);
			path = Screens;
			sourceTree = "<group>";
		};
		3740D3532627F51D007452AB /* DropDownMenu */ = {
			isa = PBXGroup;
			children = (
			);
			path = DropDownMenu;
			sourceTree = "<group>";
		};
		3740D3542627F52A007452AB /* Helpers */ = {
			isa = PBXGroup;
			children = (
				3740D3592627F5A1007452AB /* SmoothRoundedCorners.swift */,
				3740D3562627F58B007452AB /* Color+Ext.swift */,
			);
			path = Helpers;
			sourceTree = "<group>";
		};
		3740D3552627F531007452AB /* App */ = {
			isa = PBXGroup;
			children = (
				3765C7602611930E00E51D21 /* DropDownMenu_FinalApp.swift */,
				3765C7692611930E00E51D21 /* Info.plist */,
			);
			path = App;
			sourceTree = "<group>";
		};
		3765C7542611930E00E51D21 = {
			isa = PBXGroup;
			children = (
				3765C75F2611930E00E51D21 /* DropDownMenu-Final */,
				3765C75E2611930E00E51D21 /* Products */,
			);
			sourceTree = "<group>";
		};
		3765C75E2611930E00E51D21 /* Products */ = {
			isa = PBXGroup;
			children = (
				3765C75D2611930E00E51D21 /* DropDownMenu-Final.app */,
			);
			name = Products;
			sourceTree = "<group>";
		};
		3765C75F2611930E00E51D21 /* DropDownMenu-Final */ = {
			isa = PBXGroup;
			children = (
				3740D3522627F515007452AB /* Screens */,
				3740D3532627F51D007452AB /* DropDownMenu */,
				3740D3542627F52A007452AB /* Helpers */,
				3740D3552627F531007452AB /* App */,
				3765C7642611930E00E51D21 /* Assets.xcassets */,
				3765C7662611930E00E51D21 /* Preview Content */,
			);
			path = "DropDownMenu-Final";
			sourceTree = "<group>";
		};
		3765C7662611930E00E51D21 /* Preview Content */ = {
			isa = PBXGroup;
			children = (
				3765C7672611930E00E51D21 /* Preview Assets.xcassets */,
			);
			path = "Preview Content";
			sourceTree = "<group>";
		};
/* End PBXGroup section */

/* Begin PBXNativeTarget section */
		3765C75C2611930E00E51D21 /* DropDownMenu-Final */ = {
			isa = PBXNativeTarget;
			buildConfigurationList = 3765C76C2611930E00E51D21 /* Build configuration list for PBXNativeTarget "DropDownMenu-Final" */;
			buildPhases = (
				3765C7592611930E00E51D21 /* Sources */,
				3765C75A2611930E00E51D21 /* Frameworks */,
				3765C75B2611930E00E51D21 /* Resources */,
			);
			buildRules = (
			);
			dependencies = (
			);
			name = "DropDownMenu-Final";
			productName = "DropDownMenu-Final";
			productReference = 3765C75D2611930E00E51D21 /* DropDownMenu-Final.app */;
			productType = "com.apple.product-type.application";
		};
/* End PBXNativeTarget section */

/* Begin PBXProject section */
		3765C7552611930E00E51D21 /* Project object */ = {
			isa = PBXProject;
			attributes = {
				LastSwiftUpdateCheck = 1240;
				LastUpgradeCheck = 1240;
				TargetAttributes = {
					3765C75C2611930E00E51D21 = {
						CreatedOnToolsVersion = 12.4;
					};
				};
			};
			buildConfigurationList = 3765C7582611930E00E51D21 /* Build configuration list for PBXProject "DropDownMenu-Final" */;
			compatibilityVersion = "Xcode 9.3";
			developmentRegion = en;
			hasScannedForEncodings = 0;
			knownRegions = (
				en,
				Base,
			);
			mainGroup = 3765C7542611930E00E51D21;
			productRefGroup = 3765C75E2611930E00E51D21 /* Products */;
			projectDirPath = "";
			projectRoot = "";
			targets = (
				3765C75C2611930E00E51D21 /* DropDownMenu-Final */,
			);
		};
/* End PBXProject section */

/* Begin PBXResourcesBuildPhase section */
		3765C75B2611930E00E51D21 /* Resources */ = {
			isa = PBXResourcesBuildPhase;
			buildActionMask = 2147483647;
			files = (
				3765C7682611930E00E51D21 /* Preview Assets.xcassets in Resources */,
				3765C7652611930E00E51D21 /* Assets.xcassets in Resources */,
			);
			runOnlyForDeploymentPostprocessing = 0;
		};
/* End PBXResourcesBuildPhase section */

/* Begin PBXSourcesBuildPhase section */
		3765C7592611930E00E51D21 /* Sources */ = {
			isa = PBXSourcesBuildPhase;
			buildActionMask = 2147483647;
			files = (
				3740D35A2627F5A2007452AB /* SmoothRoundedCorners.swift in Sources */,
				3765C7632611930E00E51D21 /* ContentView.swift in Sources */,
				3765C7612611930E00E51D21 /* DropDownMenu_FinalApp.swift in Sources */,
				3740D3572627F58B007452AB /* Color+Ext.swift in Sources */,
			);
			runOnlyForDeploymentPostprocessing = 0;
		};
/* End PBXSourcesBuildPhase section */

/* Begin XCBuildConfiguration section */
		3765C76A2611930E00E51D21 /* Debug */ = {
			isa = XCBuildConfiguration;
			buildSettings = {
				ALWAYS_SEARCH_USER_PATHS = NO;
				CLANG_ANALYZER_NONNULL = YES;
				CLANG_ANALYZER_NUMBER_OBJECT_CONVERSION = YES_AGGRESSIVE;
				CLANG_CXX_LANGUAGE_STANDARD = "gnu++14";
				CLANG_CXX_LIBRARY = "libc++";
				CLANG_ENABLE_MODULES = YES;
				CLANG_ENABLE_OBJC_ARC = YES;
				CLANG_ENABLE_OBJC_WEAK = YES;
				CLANG_WARN_BLOCK_CAPTURE_AUTORELEASING = YES;
				CLANG_WARN_BOOL_CONVERSION = YES;
				CLANG_WARN_COMMA = YES;
				CLANG_WARN_CONSTANT_CONVERSION = YES;
				CLANG_WARN_DEPRECATED_OBJC_IMPLEMENTATIONS = YES;
				CLANG_WARN_DIRECT_OBJC_ISA_USAGE = YES_ERROR;
				CLANG_WARN_DOCUMENTATION_COMMENTS = YES;
				CLANG_WARN_EMPTY_BODY = YES;
				CLANG_WARN_ENUM_CONVERSION = YES;
				CLANG_WARN_INFINITE_RECURSION = YES;
				CLANG_WARN_INT_CONVERSION = YES;
				CLANG_WARN_NON_LITERAL_NULL_CONVERSION = YES;
				CLANG_WARN_OBJC_IMPLICIT_RETAIN_SELF = YES;
				CLANG_WARN_OBJC_LITERAL_CONVERSION = YES;
				CLANG_WARN_OBJC_ROOT_CLASS = YES_ERROR;
				CLANG_WARN_QUOTED_INCLUDE_IN_FRAMEWORK_HEADER = YES;
				CLANG_WARN_RANGE_LOOP_ANALYSIS = YES;
				CLANG_WARN_STRICT_PROTOTYPES = YES;
				CLANG_WARN_SUSPICIOUS_MOVE = YES;
				CLANG_WARN_UNGUARDED_AVAILABILITY = YES_AGGRESSIVE;
				CLANG_WARN_UNREACHABLE_CODE = YES;
				CLANG_WARN__DUPLICATE_METHOD_MATCH = YES;
				COPY_PHASE_STRIP = NO;
				DEBUG_INFORMATION_FORMAT = dwarf;
				ENABLE_STRICT_OBJC_MSGSEND = YES;
				ENABLE_TESTABILITY = YES;
				GCC_C_LANGUAGE_STANDARD = gnu11;
				GCC_DYNAMIC_NO_PIC = NO;
				GCC_NO_COMMON_BLOCKS = YES;
				GCC_OPTIMIZATION_LEVEL = 0;
				GCC_PREPROCESSOR_DEFINITIONS = (
					"DEBUG=1",
					"$(inherited)",
				);
				GCC_WARN_64_TO_32_BIT_CONVERSION = YES;
				GCC_WARN_ABOUT_RETURN_TYPE = YES_ERROR;
				GCC_WARN_UNDECLARED_SELECTOR = YES;
				GCC_WARN_UNINITIALIZED_AUTOS = YES_AGGRESSIVE;
				GCC_WARN_UNUSED_FUNCTION = YES;
				GCC_WARN_UNUSED_VARIABLE = YES;
				IPHONEOS_DEPLOYMENT_TARGET = 14.4;
				MTL_ENABLE_DEBUG_INFO = INCLUDE_SOURCE;
				MTL_FAST_MATH = YES;
				ONLY_ACTIVE_ARCH = YES;
				SDKROOT = iphoneos;
				SWIFT_ACTIVE_COMPILATION_CONDITIONS = DEBUG;
				SWIFT_OPTIMIZATION_LEVEL = "-Onone";
			};
			name = Debug;
		};
		3765C76B2611930E00E51D21 /* Release */ = {
			isa = XCBuildConfiguration;
			buildSettings = {
				ALWAYS_SEARCH_USER_PATHS = NO;
				CLANG_ANALYZER_NONNULL = YES;
				CLANG_ANALYZER_NUMBER_OBJECT_CONVERSION = YES_AGGRESSIVE;
				CLANG_CXX_LANGUAGE_STANDARD = "gnu++14";
				CLANG_CXX_LIBRARY = "libc++";
				CLANG_ENABLE_MODULES = YES;
				CLANG_ENABLE_OBJC_ARC = YES;
				CLANG_ENABLE_OBJC_WEAK = YES;
				CLANG_WARN_BLOCK_CAPTURE_AUTORELEASING = YES;
				CLANG_WARN_BOOL_CONVERSION = YES;
				CLANG_WARN_COMMA = YES;
				CLANG_WARN_CONSTANT_CONVERSION = YES;
				CLANG_WARN_DEPRECATED_OBJC_IMPLEMENTATIONS = YES;
				CLANG_WARN_DIRECT_OBJC_ISA_USAGE = YES_ERROR;
				CLANG_WARN_DOCUMENTATION_COMMENTS = YES;
				CLANG_WARN_EMPTY_BODY = YES;
				CLANG_WARN_ENUM_CONVERSION = YES;
				CLANG_WARN_INFINITE_RECURSION = YES;
				CLANG_WARN_INT_CONVERSION = YES;
				CLANG_WARN_NON_LITERAL_NULL_CONVERSION = YES;
				CLANG_WARN_OBJC_IMPLICIT_RETAIN_SELF = YES;
				CLANG_WARN_OBJC_LITERAL_CONVERSION = YES;
				CLANG_WARN_OBJC_ROOT_CLASS = YES_ERROR;
				CLANG_WARN_QUOTED_INCLUDE_IN_FRAMEWORK_HEADER = YES;
				CLANG_WARN_RANGE_LOOP_ANALYSIS = YES;
				CLANG_WARN_STRICT_PROTOTYPES = YES;
				CLANG_WARN_SUSPICIOUS_MOVE = YES;
				CLANG_WARN_UNGUARDED_AVAILABILITY = YES_AGGRESSIVE;
				CLANG_WARN_UNREACHABLE_CODE = YES;
				CLANG_WARN__DUPLICATE_METHOD_MATCH = YES;
				COPY_PHASE_STRIP = NO;
				DEBUG_INFORMATION_FORMAT = "dwarf-with-dsym";
				ENABLE_NS_ASSERTIONS = NO;
				ENABLE_STRICT_OBJC_MSGSEND = YES;
				GCC_C_LANGUAGE_STANDARD = gnu11;
				GCC_NO_COMMON_BLOCKS = YES;
				GCC_WARN_64_TO_32_BIT_CONVERSION = YES;
				GCC_WARN_ABOUT_RETURN_TYPE = YES_ERROR;
				GCC_WARN_UNDECLARED_SELECTOR = YES;
				GCC_WARN_UNINITIALIZED_AUTOS = YES_AGGRESSIVE;
				GCC_WARN_UNUSED_FUNCTION = YES;
				GCC_WARN_UNUSED_VARIABLE = YES;
				IPHONEOS_DEPLOYMENT_TARGET = 14.4;
				MTL_ENABLE_DEBUG_INFO = NO;
				MTL_FAST_MATH = YES;
				SDKROOT = iphoneos;
				SWIFT_COMPILATION_MODE = wholemodule;
				SWIFT_OPTIMIZATION_LEVEL = "-O";
				VALIDATE_PRODUCT = YES;
			};
			name = Release;
		};
		3765C76D2611930E00E51D21 /* Debug */ = {
			isa = XCBuildConfiguration;
			buildSettings = {
				ASSETCATALOG_COMPILER_APPICON_NAME = AppIcon;
				ASSETCATALOG_COMPILER_GLOBAL_ACCENT_COLOR_NAME = AccentColor;
				CODE_SIGN_STYLE = Automatic;
				DEVELOPMENT_ASSET_PATHS = "\"DropDownMenu-Final/Preview Content\"";
				DEVELOPMENT_TEAM = D6VB3396MT;
				ENABLE_PREVIEWS = YES;
				INFOPLIST_FILE = "DropDownMenu-Final/App/Info.plist";
				IPHONEOS_DEPLOYMENT_TARGET = 14.0;
				LD_RUNPATH_SEARCH_PATHS = (
					"$(inherited)",
					"@executable_path/Frameworks",
				);
				PRODUCT_BUNDLE_IDENTIFIER = "com.marlonraskin.dropdownmenufinal.DropDownMenu-Final";
				PRODUCT_NAME = "$(TARGET_NAME)";
				SWIFT_VERSION = 5.0;
				TARGETED_DEVICE_FAMILY = "1,2";
			};
			name = Debug;
		};
		3765C76E2611930E00E51D21 /* Release */ = {
			isa = XCBuildConfiguration;
			buildSettings = {
				ASSETCATALOG_COMPILER_APPICON_NAME = AppIcon;
				ASSETCATALOG_COMPILER_GLOBAL_ACCENT_COLOR_NAME = AccentColor;
				CODE_SIGN_STYLE = Automatic;
				DEVELOPMENT_ASSET_PATHS = "\"DropDownMenu-Final/Preview Content\"";
				DEVELOPMENT_TEAM = D6VB3396MT;
				ENABLE_PREVIEWS = YES;
				INFOPLIST_FILE = "DropDownMenu-Final/App/Info.plist";
				IPHONEOS_DEPLOYMENT_TARGET = 14.0;
				LD_RUNPATH_SEARCH_PATHS = (
					"$(inherited)",
					"@executable_path/Frameworks",
				);
				PRODUCT_BUNDLE_IDENTIFIER = "com.marlonraskin.dropdownmenufinal.DropDownMenu-Final";
				PRODUCT_NAME = "$(TARGET_NAME)";
				SWIFT_VERSION = 5.0;
				TARGETED_DEVICE_FAMILY = "1,2";
			};
			name = Release;
		};
/* End XCBuildConfiguration section */

/* Begin XCConfigurationList section */
		3765C7582611930E00E51D21 /* Build configuration list for PBXProject "DropDownMenu-Final" */ = {
			isa = XCConfigurationList;
			buildConfigurations = (
				3765C76A2611930E00E51D21 /* Debug */,
				3765C76B2611930E00E51D21 /* Release */,
			);
			defaultConfigurationIsVisible = 0;
			defaultConfigurationName = Release;
		};
		3765C76C2611930E00E51D21 /* Build configuration list for PBXNativeTarget "DropDownMenu-Final" */ = {
			isa = XCConfigurationList;
			buildConfigurations = (
				3765C76D2611930E00E51D21 /* Debug */,
				3765C76E2611930E00E51D21 /* Release */,
			);
			defaultConfigurationIsVisible = 0;
			defaultConfigurationName = Release;
		};
/* End XCConfigurationList section */
	};
	rootObject = 3765C7552611930E00E51D21 /* Project object */;
}
